// !$*UTF8*$!
{
	archiveVersion = 1;
	classes = {
	};
	objectVersion = 46;
	objects = {

/* Begin PBXBuildFile section */
		4A36C00C1D83A477004B6D2E /* AppDelegate.swift in Sources */ = {isa = PBXBuildFile; fileRef = 4A36C00B1D83A477004B6D2E /* AppDelegate.swift */; };
		4A36C00E1D83A477004B6D2E /* DrawViewController.swift in Sources */ = {isa = PBXBuildFile; fileRef = 4A36C00D1D83A477004B6D2E /* DrawViewController.swift */; };
		4A36C0131D83A477004B6D2E /* Assets.xcassets in Resources */ = {isa = PBXBuildFile; fileRef = 4A36C0121D83A477004B6D2E /* Assets.xcassets */; };
		4A36C0161D83A477004B6D2E /* LaunchScreen.storyboard in Resources */ = {isa = PBXBuildFile; fileRef = 4A36C0141D83A477004B6D2E /* LaunchScreen.storyboard */; };
		4A6D02B21D83FC6B0053D3AA /* RequestManager.swift in Sources */ = {isa = PBXBuildFile; fileRef = 4A6D02B11D83FC6B0053D3AA /* RequestManager.swift */; };
		4AEBE0641D83E44400D59E20 /* Main.storyboard in Resources */ = {isa = PBXBuildFile; fileRef = 4AEBE0621D83E44400D59E20 /* Main.storyboard */; };
		4AEBE0661D83EA2D00D59E20 /* MainViewController.swift in Sources */ = {isa = PBXBuildFile; fileRef = 4AEBE0651D83EA2D00D59E20 /* MainViewController.swift */; };
		8BBFAF591D84BAE800C0D059 /* Doodle.swift in Sources */ = {isa = PBXBuildFile; fileRef = 8BBFAF581D84BAE800C0D059 /* Doodle.swift */; };
		BF502603CAC3F6E21CC6F4FC /* Pods_graffiti.framework in Frameworks */ = {isa = PBXBuildFile; fileRef = 64CF8A2ED8915A0107F2CE81 /* Pods_graffiti.framework */; };
/* End PBXBuildFile section */

/* Begin PBXFileReference section */
		4A36C0081D83A477004B6D2E /* graffiti.app */ = {isa = PBXFileReference; explicitFileType = wrapper.application; includeInIndex = 0; path = graffiti.app; sourceTree = BUILT_PRODUCTS_DIR; };
		4A36C00B1D83A477004B6D2E /* AppDelegate.swift */ = {isa = PBXFileReference; lastKnownFileType = sourcecode.swift; path = AppDelegate.swift; sourceTree = "<group>"; };
		4A36C00D1D83A477004B6D2E /* DrawViewController.swift */ = {isa = PBXFileReference; lastKnownFileType = sourcecode.swift; path = DrawViewController.swift; sourceTree = "<group>"; };
		4A36C0121D83A477004B6D2E /* Assets.xcassets */ = {isa = PBXFileReference; lastKnownFileType = folder.assetcatalog; path = Assets.xcassets; sourceTree = "<group>"; };
		4A36C0151D83A477004B6D2E /* Base */ = {isa = PBXFileReference; lastKnownFileType = file.storyboard; name = Base; path = Base.lproj/LaunchScreen.storyboard; sourceTree = "<group>"; };
		4A36C0171D83A477004B6D2E /* Info.plist */ = {isa = PBXFileReference; lastKnownFileType = text.plist.xml; path = Info.plist; sourceTree = "<group>"; };
		4A6D02B11D83FC6B0053D3AA /* RequestManager.swift */ = {isa = PBXFileReference; fileEncoding = 4; lastKnownFileType = sourcecode.swift; path = RequestManager.swift; sourceTree = "<group>"; };
		4AEBE0631D83E44400D59E20 /* Base */ = {isa = PBXFileReference; lastKnownFileType = file.storyboard; name = Base; path = Base.lproj/Main.storyboard; sourceTree = "<group>"; };
		4AEBE0651D83EA2D00D59E20 /* MainViewController.swift */ = {isa = PBXFileReference; fileEncoding = 4; lastKnownFileType = sourcecode.swift; path = MainViewController.swift; sourceTree = "<group>"; };
		4AEBE0671D83F47C00D59E20 /* graffiti-Bridging-Header.h */ = {isa = PBXFileReference; lastKnownFileType = sourcecode.c.h; path = "graffiti-Bridging-Header.h"; sourceTree = "<group>"; };
		64CF8A2ED8915A0107F2CE81 /* Pods_graffiti.framework */ = {isa = PBXFileReference; explicitFileType = wrapper.framework; includeInIndex = 0; path = Pods_graffiti.framework; sourceTree = BUILT_PRODUCTS_DIR; };
		8BBFAF581D84BAE800C0D059 /* Doodle.swift */ = {isa = PBXFileReference; fileEncoding = 4; lastKnownFileType = sourcecode.swift; path = Doodle.swift; sourceTree = "<group>"; };
		A308151D57B74385FC23359E /* Pods-graffiti.debug.xcconfig */ = {isa = PBXFileReference; includeInIndex = 1; lastKnownFileType = text.xcconfig; name = "Pods-graffiti.debug.xcconfig"; path = "Pods/Target Support Files/Pods-graffiti/Pods-graffiti.debug.xcconfig"; sourceTree = "<group>"; };
		D4FADF3AE2186DDF2E162671 /* Pods-graffiti.release.xcconfig */ = {isa = PBXFileReference; includeInIndex = 1; lastKnownFileType = text.xcconfig; name = "Pods-graffiti.release.xcconfig"; path = "Pods/Target Support Files/Pods-graffiti/Pods-graffiti.release.xcconfig"; sourceTree = "<group>"; };
/* End PBXFileReference section */

/* Begin PBXFrameworksBuildPhase section */
		4A36C0051D83A477004B6D2E /* Frameworks */ = {
			isa = PBXFrameworksBuildPhase;
			buildActionMask = 2147483647;
			files = (
				BF502603CAC3F6E21CC6F4FC /* Pods_graffiti.framework in Frameworks */,
			);
			runOnlyForDeploymentPostprocessing = 0;
		};
/* End PBXFrameworksBuildPhase section */

/* Begin PBXGroup section */
		4A36BFFF1D83A477004B6D2E = {
			isa = PBXGroup;
			children = (
				4A36C00A1D83A477004B6D2E /* graffiti */,
				4A36C0091D83A477004B6D2E /* Products */,
				D68EA45D152CA8E944971F80 /* Pods */,
				B98CF7203E7211FBC77D4769 /* Frameworks */,
			);
			sourceTree = "<group>";
		};
		4A36C0091D83A477004B6D2E /* Products */ = {
			isa = PBXGroup;
			children = (
				4A36C0081D83A477004B6D2E /* graffiti.app */,
			);
			name = Products;
			sourceTree = "<group>";
		};
		4A36C00A1D83A477004B6D2E /* graffiti */ = {
			isa = PBXGroup;
			children = (
				4AEBE0671D83F47C00D59E20 /* graffiti-Bridging-Header.h */,
				4A36C00B1D83A477004B6D2E /* AppDelegate.swift */,
				4A36C00D1D83A477004B6D2E /* DrawViewController.swift */,
				4AEBE0621D83E44400D59E20 /* Main.storyboard */,
				4A36C0121D83A477004B6D2E /* Assets.xcassets */,
				4A36C0141D83A477004B6D2E /* LaunchScreen.storyboard */,
				4A36C0171D83A477004B6D2E /* Info.plist */,
				4A6D02B11D83FC6B0053D3AA /* RequestManager.swift */,
				4AEBE0651D83EA2D00D59E20 /* MainViewController.swift */,
				8BBFAF581D84BAE800C0D059 /* Doodle.swift */,
			);
			path = graffiti;
			sourceTree = "<group>";
		};
		B98CF7203E7211FBC77D4769 /* Frameworks */ = {
			isa = PBXGroup;
			children = (
				64CF8A2ED8915A0107F2CE81 /* Pods_graffiti.framework */,
			);
			name = Frameworks;
			sourceTree = "<group>";
		};
		D68EA45D152CA8E944971F80 /* Pods */ = {
			isa = PBXGroup;
			children = (
				A308151D57B74385FC23359E /* Pods-graffiti.debug.xcconfig */,
				D4FADF3AE2186DDF2E162671 /* Pods-graffiti.release.xcconfig */,
			);
			name = Pods;
			sourceTree = "<group>";
		};
/* End PBXGroup section */

/* Begin PBXNativeTarget section */
		4A36C0071D83A477004B6D2E /* graffiti */ = {
			isa = PBXNativeTarget;
			buildConfigurationList = 4A36C01A1D83A477004B6D2E /* Build configuration list for PBXNativeTarget "graffiti" */;
			buildPhases = (
				636E36F72925BF861C1689E0 /* [CP] Check Pods Manifest.lock */,
				4A36C0041D83A477004B6D2E /* Sources */,
				4A36C0051D83A477004B6D2E /* Frameworks */,
				4A36C0061D83A477004B6D2E /* Resources */,
				5F24811F84FCDFE6A841CF1E /* [CP] Embed Pods Frameworks */,
				24EE1BC25EED95B8C29ED858 /* [CP] Copy Pods Resources */,
			);
			buildRules = (
			);
			dependencies = (
			);
			name = graffiti;
			productName = graffiti;
			productReference = 4A36C0081D83A477004B6D2E /* graffiti.app */;
			productType = "com.apple.product-type.application";
		};
/* End PBXNativeTarget section */

/* Begin PBXProject section */
		4A36C0001D83A477004B6D2E /* Project object */ = {
			isa = PBXProject;
			attributes = {
				LastSwiftUpdateCheck = 0730;
				LastUpgradeCheck = 0730;
				ORGANIZATIONNAME = "Philippe Kimura-Thollander";
				TargetAttributes = {
					4A36C0071D83A477004B6D2E = {
						CreatedOnToolsVersion = 7.3.1;
						DevelopmentTeam = FBATCS44C9;
					};
				};
			};
			buildConfigurationList = 4A36C0031D83A477004B6D2E /* Build configuration list for PBXProject "graffiti" */;
			compatibilityVersion = "Xcode 3.2";
			developmentRegion = English;
			hasScannedForEncodings = 0;
			knownRegions = (
				en,
				Base,
			);
			mainGroup = 4A36BFFF1D83A477004B6D2E;
			productRefGroup = 4A36C0091D83A477004B6D2E /* Products */;
			projectDirPath = "";
			projectRoot = "";
			targets = (
				4A36C0071D83A477004B6D2E /* graffiti */,
			);
		};
/* End PBXProject section */

/* Begin PBXResourcesBuildPhase section */
		4A36C0061D83A477004B6D2E /* Resources */ = {
			isa = PBXResourcesBuildPhase;
			buildActionMask = 2147483647;
			files = (
				4AEBE0641D83E44400D59E20 /* Main.storyboard in Resources */,
				4A36C0161D83A477004B6D2E /* LaunchScreen.storyboard in Resources */,
				4A36C0131D83A477004B6D2E /* Assets.xcassets in Resources */,
			);
			runOnlyForDeploymentPostprocessing = 0;
		};
/* End PBXResourcesBuildPhase section */

/* Begin PBXShellScriptBuildPhase section */
		24EE1BC25EED95B8C29ED858 /* [CP] Copy Pods Resources */ = {
			isa = PBXShellScriptBuildPhase;
			buildActionMask = 2147483647;
			files = (
			);
			inputPaths = (
			);
			name = "[CP] Copy Pods Resources";
			outputPaths = (
			);
			runOnlyForDeploymentPostprocessing = 0;
			shellPath = /bin/sh;
			shellScript = "\"${SRCROOT}/Pods/Target Support Files/Pods-graffiti/Pods-graffiti-resources.sh\"\n";
			showEnvVarsInLog = 0;
		};
		5F24811F84FCDFE6A841CF1E /* [CP] Embed Pods Frameworks */ = {
			isa = PBXShellScriptBuildPhase;
			buildActionMask = 2147483647;
			files = (
			);
			inputPaths = (
			);
			name = "[CP] Embed Pods Frameworks";
			outputPaths = (
			);
			runOnlyForDeploymentPostprocessing = 0;
			shellPath = /bin/sh;
			shellScript = "\"${SRCROOT}/Pods/Target Support Files/Pods-graffiti/Pods-graffiti-frameworks.sh\"\n";
			showEnvVarsInLog = 0;
		};
		636E36F72925BF861C1689E0 /* [CP] Check Pods Manifest.lock */ = {
			isa = PBXShellScriptBuildPhase;
			buildActionMask = 2147483647;
			files = (
			);
			inputPaths = (
			);
			name = "[CP] Check Pods Manifest.lock";
			outputPaths = (
			);
			runOnlyForDeploymentPostprocessing = 0;
			shellPath = /bin/sh;
			shellScript = "diff \"${PODS_ROOT}/../Podfile.lock\" \"${PODS_ROOT}/Manifest.lock\" > /dev/null\nif [[ $? != 0 ]] ; then\n    cat << EOM\nerror: The sandbox is not in sync with the Podfile.lock. Run 'pod install' or update your CocoaPods installation.\nEOM\n    exit 1\nfi\n";
			showEnvVarsInLog = 0;
		};
/* End PBXShellScriptBuildPhase section */

/* Begin PBXSourcesBuildPhase section */
		4A36C0041D83A477004B6D2E /* Sources */ = {
			isa = PBXSourcesBuildPhase;
			buildActionMask = 2147483647;
			files = (
				4AEBE0661D83EA2D00D59E20 /* MainViewController.swift in Sources */,
				4A36C00E1D83A477004B6D2E /* DrawViewController.swift in Sources */,
				8BBFAF591D84BAE800C0D059 /* Doodle.swift in Sources */,
				4A36C00C1D83A477004B6D2E /* AppDelegate.swift in Sources */,
				4A6D02B21D83FC6B0053D3AA /* RequestManager.swift in Sources */,
			);
			runOnlyForDeploymentPostprocessing = 0;
		};
/* End PBXSourcesBuildPhase section */

/* Begin PBXVariantGroup section */
		4A36C0141D83A477004B6D2E /* LaunchScreen.storyboard */ = {
			isa = PBXVariantGroup;
			children = (
				4A36C0151D83A477004B6D2E /* Base */,
			);
			name = LaunchScreen.storyboard;
			sourceTree = "<group>";
		};
		4AEBE0621D83E44400D59E20 /* Main.storyboard */ = {
			isa = PBXVariantGroup;
			children = (
				4AEBE0631D83E44400D59E20 /* Base */,
			);
			name = Main.storyboard;
			sourceTree = "<group>";
		};
/* End PBXVariantGroup section */

/* Begin XCBuildConfiguration section */
		4A36C0181D83A477004B6D2E /* Debug */ = {
			isa = XCBuildConfiguration;
			buildSettings = {
				ALWAYS_SEARCH_USER_PATHS = NO;
				CLANG_ANALYZER_NONNULL = YES;
				CLANG_CXX_LANGUAGE_STANDARD = "gnu++0x";
				CLANG_CXX_LIBRARY = "libc++";
				CLANG_ENABLE_MODULES = YES;
				CLANG_ENABLE_OBJC_ARC = YES;
				CLANG_WARN_BOOL_CONVERSION = YES;
				CLANG_WARN_CONSTANT_CONVERSION = YES;
				CLANG_WARN_DIRECT_OBJC_ISA_USAGE = YES_ERROR;
				CLANG_WARN_EMPTY_BODY = YES;
				CLANG_WARN_ENUM_CONVERSION = YES;
				CLANG_WARN_INT_CONVERSION = YES;
				CLANG_WARN_OBJC_ROOT_CLASS = YES_ERROR;
				CLANG_WARN_UNREACHABLE_CODE = YES;
				CLANG_WARN__DUPLICATE_METHOD_MATCH = YES;
				"CODE_SIGN_IDENTITY[sdk=iphoneos*]" = "iPhone Developer";
				COPY_PHASE_STRIP = NO;
				DEBUG_INFORMATION_FORMAT = dwarf;
				ENABLE_STRICT_OBJC_MSGSEND = YES;
				ENABLE_TESTABILITY = YES;
				GCC_C_LANGUAGE_STANDARD = gnu99;
				GCC_DYNAMIC_NO_PIC = NO;
				GCC_NO_COMMON_BLOCKS = YES;
				GCC_OPTIMIZATION_LEVEL = 0;
				GCC_PREPROCESSOR_DEFINITIONS = (
					"DEBUG=1",
					"$(inherited)",
				);
				GCC_WARN_64_TO_32_BIT_CONVERSION = YES;
				GCC_WARN_ABOUT_RETURN_TYPE = YES_ERROR;
				GCC_WARN_UNDECLARED_SELECTOR = YES;
				GCC_WARN_UNINITIALIZED_AUTOS = YES_AGGRESSIVE;
				GCC_WARN_UNUSED_FUNCTION = YES;
				GCC_WARN_UNUSED_VARIABLE = YES;
				IPHONEOS_DEPLOYMENT_TARGET = 9.3;
				MTL_ENABLE_DEBUG_INFO = YES;
				ONLY_ACTIVE_ARCH = YES;
				SDKROOT = iphoneos;
				SWIFT_OPTIMIZATION_LEVEL = "-Onone";
			};
			name = Debug;
		};
		4A36C0191D83A477004B6D2E /* Release */ = {
			isa = XCBuildConfiguration;
			buildSettings = {
				ALWAYS_SEARCH_USER_PATHS = NO;
				CLANG_ANALYZER_NONNULL = YES;
				CLANG_CXX_LANGUAGE_STANDARD = "gnu++0x";
				CLANG_CXX_LIBRARY = "libc++";
				CLANG_ENABLE_MODULES = YES;
				CLANG_ENABLE_OBJC_ARC = YES;
				CLANG_WARN_BOOL_CONVERSION = YES;
				CLANG_WARN_CONSTANT_CONVERSION = YES;
				CLANG_WARN_DIRECT_OBJC_ISA_USAGE = YES_ERROR;
				CLANG_WARN_EMPTY_BODY = YES;
				CLANG_WARN_ENUM_CONVERSION = YES;
				CLANG_WARN_INT_CONVERSION = YES;
				CLANG_WARN_OBJC_ROOT_CLASS = YES_ERROR;
				CLANG_WARN_UNREACHABLE_CODE = YES;
				CLANG_WARN__DUPLICATE_METHOD_MATCH = YES;
				"CODE_SIGN_IDENTITY[sdk=iphoneos*]" = "iPhone Developer";
				COPY_PHASE_STRIP = NO;
				DEBUG_INFORMATION_FORMAT = "dwarf-with-dsym";
				ENABLE_NS_ASSERTIONS = NO;
				ENABLE_STRICT_OBJC_MSGSEND = YES;
				GCC_C_LANGUAGE_STANDARD = gnu99;
				GCC_NO_COMMON_BLOCKS = YES;
				GCC_WARN_64_TO_32_BIT_CONVERSION = YES;
				GCC_WARN_ABOUT_RETURN_TYPE = YES_ERROR;
				GCC_WARN_UNDECLARED_SELECTOR = YES;
				GCC_WARN_UNINITIALIZED_AUTOS = YES_AGGRESSIVE;
				GCC_WARN_UNUSED_FUNCTION = YES;
				GCC_WARN_UNUSED_VARIABLE = YES;
				IPHONEOS_DEPLOYMENT_TARGET = 9.3;
				MTL_ENABLE_DEBUG_INFO = NO;
				SDKROOT = iphoneos;
				VALIDATE_PRODUCT = YES;
			};
			name = Release;
		};
		4A36C01B1D83A477004B6D2E /* Debug */ = {
			isa = XCBuildConfiguration;
			baseConfigurationReference = A308151D57B74385FC23359E /* Pods-graffiti.debug.xcconfig */;
			buildSettings = {
				ASSETCATALOG_COMPILER_APPICON_NAME = AppIcon;
				CLANG_ENABLE_MODULES = YES;
				CODE_SIGN_IDENTITY = "iPhone Developer";
				"CODE_SIGN_IDENTITY[sdk=iphoneos*]" = "iPhone Developer";
				INFOPLIST_FILE = graffiti/Info.plist;
				LD_RUNPATH_SEARCH_PATHS = "$(inherited) @executable_path/Frameworks";
				PRODUCT_BUNDLE_IDENTIFIER = com.dplovers.pennaps.graffiti;
				PRODUCT_NAME = "$(TARGET_NAME)";
				PROVISIONING_PROFILE = "";
				SWIFT_OBJC_BRIDGING_HEADER = "graffiti/graffiti-Bridging-Header.h";
				SWIFT_OPTIMIZATION_LEVEL = "-Onone";
			};
			name = Debug;
		};
		4A36C01C1D83A477004B6D2E /* Release */ = {
			isa = XCBuildConfiguration;
			baseConfigurationReference = D4FADF3AE2186DDF2E162671 /* Pods-graffiti.release.xcconfig */;
			buildSettings = {
				ASSETCATALOG_COMPILER_APPICON_NAME = AppIcon;
				CLANG_ENABLE_MODULES = YES;
				CODE_SIGN_IDENTITY = "iPhone Developer";
				"CODE_SIGN_IDENTITY[sdk=iphoneos*]" = "iPhone Developer";
				INFOPLIST_FILE = graffiti/Info.plist;
				LD_RUNPATH_SEARCH_PATHS = "$(inherited) @executable_path/Frameworks";
				PRODUCT_BUNDLE_IDENTIFIER = com.dplovers.pennaps.graffiti;
				PRODUCT_NAME = "$(TARGET_NAME)";
				PROVISIONING_PROFILE = "";
				SWIFT_OBJC_BRIDGING_HEADER = "graffiti/graffiti-Bridging-Header.h";
			};
			name = Release;
		};
/* End XCBuildConfiguration section */

/* Begin XCConfigurationList section */
		4A36C0031D83A477004B6D2E /* Build configuration list for PBXProject "graffiti" */ = {
			isa = XCConfigurationList;
			buildConfigurations = (
				4A36C0181D83A477004B6D2E /* Debug */,
				4A36C0191D83A477004B6D2E /* Release */,
			);
			defaultConfigurationIsVisible = 0;
			defaultConfigurationName = Release;
		};
		4A36C01A1D83A477004B6D2E /* Build configuration list for PBXNativeTarget "graffiti" */ = {
			isa = XCConfigurationList;
			buildConfigurations = (
				4A36C01B1D83A477004B6D2E /* Debug */,
				4A36C01C1D83A477004B6D2E /* Release */,
			);
			defaultConfigurationIsVisible = 0;
			defaultConfigurationName = Release;
		};
/* End XCConfigurationList section */
	};
	rootObject = 4A36C0001D83A477004B6D2E /* Project object */;
}
