// !$*UTF8*$!
{
	archiveVersion = 1;
	classes = {
	};
	objectVersion = 46;
	objects = {

/* Begin PBXBuildFile section */
		8BFED7921D8395D900253DE8 /* AppDelegate.swift in Sources */ = {isa = PBXBuildFile; fileRef = 8BFED7911D8395D900253DE8 /* AppDelegate.swift */; };
		8BFED7941D8395D900253DE8 /* ViewController.swift in Sources */ = {isa = PBXBuildFile; fileRef = 8BFED7931D8395D900253DE8 /* ViewController.swift */; };
		8BFED7971D8395D900253DE8 /* Main.storyboard in Resources */ = {isa = PBXBuildFile; fileRef = 8BFED7951D8395D900253DE8 /* Main.storyboard */; };
		8BFED7991D8395D900253DE8 /* Assets.xcassets in Resources */ = {isa = PBXBuildFile; fileRef = 8BFED7981D8395D900253DE8 /* Assets.xcassets */; };
		8BFED79C1D8395D900253DE8 /* LaunchScreen.storyboard in Resources */ = {isa = PBXBuildFile; fileRef = 8BFED79A1D8395D900253DE8 /* LaunchScreen.storyboard */; };
		8BFED7A71D8395DA00253DE8 /* graffitiTests.swift in Sources */ = {isa = PBXBuildFile; fileRef = 8BFED7A61D8395DA00253DE8 /* graffitiTests.swift */; };
		8BFED7B21D8395DA00253DE8 /* graffitiUITests.swift in Sources */ = {isa = PBXBuildFile; fileRef = 8BFED7B11D8395DA00253DE8 /* graffitiUITests.swift */; };
/* End PBXBuildFile section */

/* Begin PBXContainerItemProxy section */
		8BFED7A31D8395DA00253DE8 /* PBXContainerItemProxy */ = {
			isa = PBXContainerItemProxy;
			containerPortal = 8BFED7861D8395D900253DE8 /* Project object */;
			proxyType = 1;
			remoteGlobalIDString = 8BFED78D1D8395D900253DE8;
			remoteInfo = graffiti;
		};
		8BFED7AE1D8395DA00253DE8 /* PBXContainerItemProxy */ = {
			isa = PBXContainerItemProxy;
			containerPortal = 8BFED7861D8395D900253DE8 /* Project object */;
			proxyType = 1;
			remoteGlobalIDString = 8BFED78D1D8395D900253DE8;
			remoteInfo = graffiti;
		};
/* End PBXContainerItemProxy section */

/* Begin PBXFileReference section */
		8BFED78E1D8395D900253DE8 /* graffiti.app */ = {isa = PBXFileReference; explicitFileType = wrapper.application; includeInIndex = 0; path = graffiti.app; sourceTree = BUILT_PRODUCTS_DIR; };
		8BFED7911D8395D900253DE8 /* AppDelegate.swift */ = {isa = PBXFileReference; lastKnownFileType = sourcecode.swift; path = AppDelegate.swift; sourceTree = "<group>"; };
		8BFED7931D8395D900253DE8 /* ViewController.swift */ = {isa = PBXFileReference; lastKnownFileType = sourcecode.swift; path = ViewController.swift; sourceTree = "<group>"; };
		8BFED7961D8395D900253DE8 /* Base */ = {isa = PBXFileReference; lastKnownFileType = file.storyboard; name = Base; path = Base.lproj/Main.storyboard; sourceTree = "<group>"; };
		8BFED7981D8395D900253DE8 /* Assets.xcassets */ = {isa = PBXFileReference; lastKnownFileType = folder.assetcatalog; path = Assets.xcassets; sourceTree = "<group>"; };
		8BFED79B1D8395D900253DE8 /* Base */ = {isa = PBXFileReference; lastKnownFileType = file.storyboard; name = Base; path = Base.lproj/LaunchScreen.storyboard; sourceTree = "<group>"; };
		8BFED79D1D8395D900253DE8 /* Info.plist */ = {isa = PBXFileReference; lastKnownFileType = text.plist.xml; path = Info.plist; sourceTree = "<group>"; };
		8BFED7A21D8395DA00253DE8 /* graffitiTests.xctest */ = {isa = PBXFileReference; explicitFileType = wrapper.cfbundle; includeInIndex = 0; path = graffitiTests.xctest; sourceTree = BUILT_PRODUCTS_DIR; };
		8BFED7A61D8395DA00253DE8 /* graffitiTests.swift */ = {isa = PBXFileReference; lastKnownFileType = sourcecode.swift; path = graffitiTests.swift; sourceTree = "<group>"; };
		8BFED7A81D8395DA00253DE8 /* Info.plist */ = {isa = PBXFileReference; lastKnownFileType = text.plist.xml; path = Info.plist; sourceTree = "<group>"; };
		8BFED7AD1D8395DA00253DE8 /* graffitiUITests.xctest */ = {isa = PBXFileReference; explicitFileType = wrapper.cfbundle; includeInIndex = 0; path = graffitiUITests.xctest; sourceTree = BUILT_PRODUCTS_DIR; };
		8BFED7B11D8395DA00253DE8 /* graffitiUITests.swift */ = {isa = PBXFileReference; lastKnownFileType = sourcecode.swift; path = graffitiUITests.swift; sourceTree = "<group>"; };
		8BFED7B31D8395DA00253DE8 /* Info.plist */ = {isa = PBXFileReference; lastKnownFileType = text.plist.xml; path = Info.plist; sourceTree = "<group>"; };
/* End PBXFileReference section */

/* Begin PBXFrameworksBuildPhase section */
		8BFED78B1D8395D900253DE8 /* Frameworks */ = {
			isa = PBXFrameworksBuildPhase;
			buildActionMask = 2147483647;
			files = (
			);
			runOnlyForDeploymentPostprocessing = 0;
		};
		8BFED79F1D8395DA00253DE8 /* Frameworks */ = {
			isa = PBXFrameworksBuildPhase;
			buildActionMask = 2147483647;
			files = (
			);
			runOnlyForDeploymentPostprocessing = 0;
		};
		8BFED7AA1D8395DA00253DE8 /* Frameworks */ = {
			isa = PBXFrameworksBuildPhase;
			buildActionMask = 2147483647;
			files = (
			);
			runOnlyForDeploymentPostprocessing = 0;
		};
/* End PBXFrameworksBuildPhase section */

/* Begin PBXGroup section */
		8BFED7851D8395D900253DE8 = {
			isa = PBXGroup;
			children = (
				8BFED7901D8395D900253DE8 /* graffiti */,
				8BFED7A51D8395DA00253DE8 /* graffitiTests */,
				8BFED7B01D8395DA00253DE8 /* graffitiUITests */,
				8BFED78F1D8395D900253DE8 /* Products */,
			);
			sourceTree = "<group>";
		};
		8BFED78F1D8395D900253DE8 /* Products */ = {
			isa = PBXGroup;
			children = (
				8BFED78E1D8395D900253DE8 /* graffiti.app */,
				8BFED7A21D8395DA00253DE8 /* graffitiTests.xctest */,
				8BFED7AD1D8395DA00253DE8 /* graffitiUITests.xctest */,
			);
			name = Products;
			sourceTree = "<group>";
		};
		8BFED7901D8395D900253DE8 /* graffiti */ = {
			isa = PBXGroup;
			children = (
				8BFED7911D8395D900253DE8 /* AppDelegate.swift */,
				8BFED7931D8395D900253DE8 /* ViewController.swift */,
				8BFED7951D8395D900253DE8 /* Main.storyboard */,
				8BFED7981D8395D900253DE8 /* Assets.xcassets */,
				8BFED79A1D8395D900253DE8 /* LaunchScreen.storyboard */,
				8BFED79D1D8395D900253DE8 /* Info.plist */,
			);
			path = graffiti;
			sourceTree = "<group>";
		};
		8BFED7A51D8395DA00253DE8 /* graffitiTests */ = {
			isa = PBXGroup;
			children = (
				8BFED7A61D8395DA00253DE8 /* graffitiTests.swift */,
				8BFED7A81D8395DA00253DE8 /* Info.plist */,
			);
			path = graffitiTests;
			sourceTree = "<group>";
		};
		8BFED7B01D8395DA00253DE8 /* graffitiUITests */ = {
			isa = PBXGroup;
			children = (
				8BFED7B11D8395DA00253DE8 /* graffitiUITests.swift */,
				8BFED7B31D8395DA00253DE8 /* Info.plist */,
			);
			path = graffitiUITests;
			sourceTree = "<group>";
		};
/* End PBXGroup section */

/* Begin PBXNativeTarget section */
		8BFED78D1D8395D900253DE8 /* graffiti */ = {
			isa = PBXNativeTarget;
			buildConfigurationList = 8BFED7B61D8395DA00253DE8 /* Build configuration list for PBXNativeTarget "graffiti" */;
			buildPhases = (
				8BFED78A1D8395D900253DE8 /* Sources */,
				8BFED78B1D8395D900253DE8 /* Frameworks */,
				8BFED78C1D8395D900253DE8 /* Resources */,
			);
			buildRules = (
			);
			dependencies = (
			);
			name = graffiti;
			productName = graffiti;
			productReference = 8BFED78E1D8395D900253DE8 /* graffiti.app */;
			productType = "com.apple.product-type.application";
		};
		8BFED7A11D8395DA00253DE8 /* graffitiTests */ = {
			isa = PBXNativeTarget;
			buildConfigurationList = 8BFED7B91D8395DA00253DE8 /* Build configuration list for PBXNativeTarget "graffitiTests" */;
			buildPhases = (
				8BFED79E1D8395DA00253DE8 /* Sources */,
				8BFED79F1D8395DA00253DE8 /* Frameworks */,
				8BFED7A01D8395DA00253DE8 /* Resources */,
			);
			buildRules = (
			);
			dependencies = (
				8BFED7A41D8395DA00253DE8 /* PBXTargetDependency */,
			);
			name = graffitiTests;
			productName = graffitiTests;
			productReference = 8BFED7A21D8395DA00253DE8 /* graffitiTests.xctest */;
			productType = "com.apple.product-type.bundle.unit-test";
		};
		8BFED7AC1D8395DA00253DE8 /* graffitiUITests */ = {
			isa = PBXNativeTarget;
			buildConfigurationList = 8BFED7BC1D8395DA00253DE8 /* Build configuration list for PBXNativeTarget "graffitiUITests" */;
			buildPhases = (
				8BFED7A91D8395DA00253DE8 /* Sources */,
				8BFED7AA1D8395DA00253DE8 /* Frameworks */,
				8BFED7AB1D8395DA00253DE8 /* Resources */,
			);
			buildRules = (
			);
			dependencies = (
				8BFED7AF1D8395DA00253DE8 /* PBXTargetDependency */,
			);
			name = graffitiUITests;
			productName = graffitiUITests;
			productReference = 8BFED7AD1D8395DA00253DE8 /* graffitiUITests.xctest */;
			productType = "com.apple.product-type.bundle.ui-testing";
		};
/* End PBXNativeTarget section */

/* Begin PBXProject section */
		8BFED7861D8395D900253DE8 /* Project object */ = {
			isa = PBXProject;
			attributes = {
				LastSwiftUpdateCheck = 0730;
				LastUpgradeCheck = 0730;
				ORGANIZATIONNAME = "___varun___";
				TargetAttributes = {
					8BFED78D1D8395D900253DE8 = {
						CreatedOnToolsVersion = 7.3.1;
						DevelopmentTeam = FBATCS44C9;
					};
					8BFED7A11D8395DA00253DE8 = {
						CreatedOnToolsVersion = 7.3.1;
						DevelopmentTeam = FBATCS44C9;
						TestTargetID = 8BFED78D1D8395D900253DE8;
					};
					8BFED7AC1D8395DA00253DE8 = {
						CreatedOnToolsVersion = 7.3.1;
						DevelopmentTeam = FBATCS44C9;
						TestTargetID = 8BFED78D1D8395D900253DE8;
					};
				};
			};
			buildConfigurationList = 8BFED7891D8395D900253DE8 /* Build configuration list for PBXProject "graffiti" */;
			compatibilityVersion = "Xcode 3.2";
			developmentRegion = English;
			hasScannedForEncodings = 0;
			knownRegions = (
				en,
				Base,
			);
			mainGroup = 8BFED7851D8395D900253DE8;
			productRefGroup = 8BFED78F1D8395D900253DE8 /* Products */;
			projectDirPath = "";
			projectRoot = "";
			targets = (
				8BFED78D1D8395D900253DE8 /* graffiti */,
				8BFED7A11D8395DA00253DE8 /* graffitiTests */,
				8BFED7AC1D8395DA00253DE8 /* graffitiUITests */,
			);
		};
/* End PBXProject section */

/* Begin PBXResourcesBuildPhase section */
		8BFED78C1D8395D900253DE8 /* Resources */ = {
			isa = PBXResourcesBuildPhase;
			buildActionMask = 2147483647;
			files = (
				8BFED79C1D8395D900253DE8 /* LaunchScreen.storyboard in Resources */,
				8BFED7991D8395D900253DE8 /* Assets.xcassets in Resources */,
				8BFED7971D8395D900253DE8 /* Main.storyboard in Resources */,
			);
			runOnlyForDeploymentPostprocessing = 0;
		};
		8BFED7A01D8395DA00253DE8 /* Resources */ = {
			isa = PBXResourcesBuildPhase;
			buildActionMask = 2147483647;
			files = (
			);
			runOnlyForDeploymentPostprocessing = 0;
		};
		8BFED7AB1D8395DA00253DE8 /* Resources */ = {
			isa = PBXResourcesBuildPhase;
			buildActionMask = 2147483647;
			files = (
			);
			runOnlyForDeploymentPostprocessing = 0;
		};
/* End PBXResourcesBuildPhase section */

/* Begin PBXSourcesBuildPhase section */
		8BFED78A1D8395D900253DE8 /* Sources */ = {
			isa = PBXSourcesBuildPhase;
			buildActionMask = 2147483647;
			files = (
				8BFED7941D8395D900253DE8 /* ViewController.swift in Sources */,
				8BFED7921D8395D900253DE8 /* AppDelegate.swift in Sources */,
			);
			runOnlyForDeploymentPostprocessing = 0;
		};
		8BFED79E1D8395DA00253DE8 /* Sources */ = {
			isa = PBXSourcesBuildPhase;
			buildActionMask = 2147483647;
			files = (
				8BFED7A71D8395DA00253DE8 /* graffitiTests.swift in Sources */,
			);
			runOnlyForDeploymentPostprocessing = 0;
		};
		8BFED7A91D8395DA00253DE8 /* Sources */ = {
			isa = PBXSourcesBuildPhase;
			buildActionMask = 2147483647;
			files = (
				8BFED7B21D8395DA00253DE8 /* graffitiUITests.swift in Sources */,
			);
			runOnlyForDeploymentPostprocessing = 0;
		};
/* End PBXSourcesBuildPhase section */

/* Begin PBXTargetDependency section */
		8BFED7A41D8395DA00253DE8 /* PBXTargetDependency */ = {
			isa = PBXTargetDependency;
			target = 8BFED78D1D8395D900253DE8 /* graffiti */;
			targetProxy = 8BFED7A31D8395DA00253DE8 /* PBXContainerItemProxy */;
		};
		8BFED7AF1D8395DA00253DE8 /* PBXTargetDependency */ = {
			isa = PBXTargetDependency;
			target = 8BFED78D1D8395D900253DE8 /* graffiti */;
			targetProxy = 8BFED7AE1D8395DA00253DE8 /* PBXContainerItemProxy */;
		};
/* End PBXTargetDependency section */

/* Begin PBXVariantGroup section */
		8BFED7951D8395D900253DE8 /* Main.storyboard */ = {
			isa = PBXVariantGroup;
			children = (
				8BFED7961D8395D900253DE8 /* Base */,
			);
			name = Main.storyboard;
			sourceTree = "<group>";
		};
		8BFED79A1D8395D900253DE8 /* LaunchScreen.storyboard */ = {
			isa = PBXVariantGroup;
			children = (
				8BFED79B1D8395D900253DE8 /* Base */,
			);
			name = LaunchScreen.storyboard;
			sourceTree = "<group>";
		};
/* End PBXVariantGroup section */

/* Begin XCBuildConfiguration section */
		8BFED7B41D8395DA00253DE8 /* Debug */ = {
			isa = XCBuildConfiguration;
			buildSettings = {
				ALWAYS_SEARCH_USER_PATHS = NO;
				CLANG_ANALYZER_NONNULL = YES;
				CLANG_CXX_LANGUAGE_STANDARD = "gnu++0x";
				CLANG_CXX_LIBRARY = "libc++";
				CLANG_ENABLE_MODULES = YES;
				CLANG_ENABLE_OBJC_ARC = YES;
				CLANG_WARN_BOOL_CONVERSION = YES;
				CLANG_WARN_CONSTANT_CONVERSION = YES;
				CLANG_WARN_DIRECT_OBJC_ISA_USAGE = YES_ERROR;
				CLANG_WARN_EMPTY_BODY = YES;
				CLANG_WARN_ENUM_CONVERSION = YES;
				CLANG_WARN_INT_CONVERSION = YES;
				CLANG_WARN_OBJC_ROOT_CLASS = YES_ERROR;
				CLANG_WARN_UNREACHABLE_CODE = YES;
				CLANG_WARN__DUPLICATE_METHOD_MATCH = YES;
				"CODE_SIGN_IDENTITY[sdk=iphoneos*]" = "iPhone Developer";
				COPY_PHASE_STRIP = NO;
				DEBUG_INFORMATION_FORMAT = dwarf;
				ENABLE_STRICT_OBJC_MSGSEND = YES;
				ENABLE_TESTABILITY = YES;
				GCC_C_LANGUAGE_STANDARD = gnu99;
				GCC_DYNAMIC_NO_PIC = NO;
				GCC_NO_COMMON_BLOCKS = YES;
				GCC_OPTIMIZATION_LEVEL = 0;
				GCC_PREPROCESSOR_DEFINITIONS = (
					"DEBUG=1",
					"$(inherited)",
				);
				GCC_WARN_64_TO_32_BIT_CONVERSION = YES;
				GCC_WARN_ABOUT_RETURN_TYPE = YES_ERROR;
				GCC_WARN_UNDECLARED_SELECTOR = YES;
				GCC_WARN_UNINITIALIZED_AUTOS = YES_AGGRESSIVE;
				GCC_WARN_UNUSED_FUNCTION = YES;
				GCC_WARN_UNUSED_VARIABLE = YES;
				IPHONEOS_DEPLOYMENT_TARGET = 9.3;
				MTL_ENABLE_DEBUG_INFO = YES;
				ONLY_ACTIVE_ARCH = YES;
				SDKROOT = iphoneos;
				SWIFT_OPTIMIZATION_LEVEL = "-Onone";
			};
			name = Debug;
		};
		8BFED7B51D8395DA00253DE8 /* Release */ = {
			isa = XCBuildConfiguration;
			buildSettings = {
				ALWAYS_SEARCH_USER_PATHS = NO;
				CLANG_ANALYZER_NONNULL = YES;
				CLANG_CXX_LANGUAGE_STANDARD = "gnu++0x";
				CLANG_CXX_LIBRARY = "libc++";
				CLANG_ENABLE_MODULES = YES;
				CLANG_ENABLE_OBJC_ARC = YES;
				CLANG_WARN_BOOL_CONVERSION = YES;
				CLANG_WARN_CONSTANT_CONVERSION = YES;
				CLANG_WARN_DIRECT_OBJC_ISA_USAGE = YES_ERROR;
				CLANG_WARN_EMPTY_BODY = YES;
				CLANG_WARN_ENUM_CONVERSION = YES;
				CLANG_WARN_INT_CONVERSION = YES;
				CLANG_WARN_OBJC_ROOT_CLASS = YES_ERROR;
				CLANG_WARN_UNREACHABLE_CODE = YES;
				CLANG_WARN__DUPLICATE_METHOD_MATCH = YES;
				"CODE_SIGN_IDENTITY[sdk=iphoneos*]" = "iPhone Developer";
				COPY_PHASE_STRIP = NO;
				DEBUG_INFORMATION_FORMAT = "dwarf-with-dsym";
				ENABLE_NS_ASSERTIONS = NO;
				ENABLE_STRICT_OBJC_MSGSEND = YES;
				GCC_C_LANGUAGE_STANDARD = gnu99;
				GCC_NO_COMMON_BLOCKS = YES;
				GCC_WARN_64_TO_32_BIT_CONVERSION = YES;
				GCC_WARN_ABOUT_RETURN_TYPE = YES_ERROR;
				GCC_WARN_UNDECLARED_SELECTOR = YES;
				GCC_WARN_UNINITIALIZED_AUTOS = YES_AGGRESSIVE;
				GCC_WARN_UNUSED_FUNCTION = YES;
				GCC_WARN_UNUSED_VARIABLE = YES;
				IPHONEOS_DEPLOYMENT_TARGET = 9.3;
				MTL_ENABLE_DEBUG_INFO = NO;
				SDKROOT = iphoneos;
				VALIDATE_PRODUCT = YES;
			};
			name = Release;
		};
		8BFED7B71D8395DA00253DE8 /* Debug */ = {
			isa = XCBuildConfiguration;
			buildSettings = {
				ASSETCATALOG_COMPILER_APPICON_NAME = AppIcon;
				INFOPLIST_FILE = graffiti/Info.plist;
				LD_RUNPATH_SEARCH_PATHS = "$(inherited) @executable_path/Frameworks";
				PRODUCT_BUNDLE_IDENTIFIER = com.varun.graffiti;
				PRODUCT_NAME = "$(TARGET_NAME)";
			};
			name = Debug;
		};
		8BFED7B81D8395DA00253DE8 /* Release */ = {
			isa = XCBuildConfiguration;
			buildSettings = {
				ASSETCATALOG_COMPILER_APPICON_NAME = AppIcon;
				INFOPLIST_FILE = graffiti/Info.plist;
				LD_RUNPATH_SEARCH_PATHS = "$(inherited) @executable_path/Frameworks";
				PRODUCT_BUNDLE_IDENTIFIER = com.varun.graffiti;
				PRODUCT_NAME = "$(TARGET_NAME)";
			};
			name = Release;
		};
		8BFED7BA1D8395DA00253DE8 /* Debug */ = {
			isa = XCBuildConfiguration;
			buildSettings = {
				BUNDLE_LOADER = "$(TEST_HOST)";
				INFOPLIST_FILE = graffitiTests/Info.plist;
				LD_RUNPATH_SEARCH_PATHS = "$(inherited) @executable_path/Frameworks @loader_path/Frameworks";
				PRODUCT_BUNDLE_IDENTIFIER = com.varun.graffitiTests;
				PRODUCT_NAME = "$(TARGET_NAME)";
				TEST_HOST = "$(BUILT_PRODUCTS_DIR)/graffiti.app/graffiti";
			};
			name = Debug;
		};
		8BFED7BB1D8395DA00253DE8 /* Release */ = {
			isa = XCBuildConfiguration;
			buildSettings = {
				BUNDLE_LOADER = "$(TEST_HOST)";
				INFOPLIST_FILE = graffitiTests/Info.plist;
				LD_RUNPATH_SEARCH_PATHS = "$(inherited) @executable_path/Frameworks @loader_path/Frameworks";
				PRODUCT_BUNDLE_IDENTIFIER = com.varun.graffitiTests;
				PRODUCT_NAME = "$(TARGET_NAME)";
				TEST_HOST = "$(BUILT_PRODUCTS_DIR)/graffiti.app/graffiti";
			};
			name = Release;
		};
		8BFED7BD1D8395DA00253DE8 /* Debug */ = {
			isa = XCBuildConfiguration;
			buildSettings = {
				INFOPLIST_FILE = graffitiUITests/Info.plist;
				LD_RUNPATH_SEARCH_PATHS = "$(inherited) @executable_path/Frameworks @loader_path/Frameworks";
				PRODUCT_BUNDLE_IDENTIFIER = com.varun.graffitiUITests;
				PRODUCT_NAME = "$(TARGET_NAME)";
				TEST_TARGET_NAME = graffiti;
			};
			name = Debug;
		};
		8BFED7BE1D8395DA00253DE8 /* Release */ = {
			isa = XCBuildConfiguration;
			buildSettings = {
				INFOPLIST_FILE = graffitiUITests/Info.plist;
				LD_RUNPATH_SEARCH_PATHS = "$(inherited) @executable_path/Frameworks @loader_path/Frameworks";
				PRODUCT_BUNDLE_IDENTIFIER = com.varun.graffitiUITests;
				PRODUCT_NAME = "$(TARGET_NAME)";
				TEST_TARGET_NAME = graffiti;
			};
			name = Release;
		};
/* End XCBuildConfiguration section */

/* Begin XCConfigurationList section */
		8BFED7891D8395D900253DE8 /* Build configuration list for PBXProject "graffiti" */ = {
			isa = XCConfigurationList;
			buildConfigurations = (
				8BFED7B41D8395DA00253DE8 /* Debug */,
				8BFED7B51D8395DA00253DE8 /* Release */,
			);
			defaultConfigurationIsVisible = 0;
			defaultConfigurationName = Release;
		};
		8BFED7B61D8395DA00253DE8 /* Build configuration list for PBXNativeTarget "graffiti" */ = {
			isa = XCConfigurationList;
			buildConfigurations = (
				8BFED7B71D8395DA00253DE8 /* Debug */,
				8BFED7B81D8395DA00253DE8 /* Release */,
			);
			defaultConfigurationIsVisible = 0;
		};
		8BFED7B91D8395DA00253DE8 /* Build configuration list for PBXNativeTarget "graffitiTests" */ = {
			isa = XCConfigurationList;
			buildConfigurations = (
				8BFED7BA1D8395DA00253DE8 /* Debug */,
				8BFED7BB1D8395DA00253DE8 /* Release */,
			);
			defaultConfigurationIsVisible = 0;
		};
		8BFED7BC1D8395DA00253DE8 /* Build configuration list for PBXNativeTarget "graffitiUITests" */ = {
			isa = XCConfigurationList;
			buildConfigurations = (
				8BFED7BD1D8395DA00253DE8 /* Debug */,
				8BFED7BE1D8395DA00253DE8 /* Release */,
			);
			defaultConfigurationIsVisible = 0;
		};
/* End XCConfigurationList section */
	};
	rootObject = 8BFED7861D8395D900253DE8 /* Project object */;
}
